{
  "name": "asp.net",
  "version": "1.0.0",
  "lockfileVersion": 1,
  "requires": true,
  "dependencies": {
    "datatables.net": {
      "version": "2.1.1",
      "resolved": "https://registry.npmjs.org/datatables.net/-/datatables.net-2.1.1.tgz",
      "integrity": "sha1-bxED7wgFRkKuz4Xn4l79WSgi7ng=",
      "requires": {
        "jquery": "3.3.1"
      }
    },
    "datatables.net-dt": {
      "version": "2.1.1",
      "resolved": "https://registry.npmjs.org/datatables.net-dt/-/datatables.net-dt-2.1.1.tgz",
      "integrity": "sha1-y66SMJVuTn40YAgrSJNLMIQkjbg=",
      "requires": {
        "datatables.net": "2.1.1",
        "jquery": "3.3.1"
      }
    },
    "jquery": {
      "version": "3.3.1",
      "resolved": "https://registry.npmjs.org/jquery/-/jquery-3.3.1.tgz",
      "integrity": "sha512-Ubldcmxp5np52/ENotGxlLe6aGMvmF4R8S6tZjsP6Knsaxd/xp3Zrh50cG93lR6nPXyUFwzN3ZSOQI0wRJNdGg=="
    }
  }
}
